
Microsoft Visual Studio Solution File, Format Version 12.00
# Visual Studio 15
VisualStudioVersion = 15.0.27130.2010
MinimumVisualStudioVersion = 10.0.40219.1
Project("{8BC9CEB8-8B4A-11D0-8D11-00A0C91BC942}") = "f4se", "f4se\f4se.vcxproj", "{A236F69D-8FF9-4491-AC5F-45BF49448BBE}"
EndProject
Project("{8BC9CEB8-8B4A-11D0-8D11-00A0C91BC942}") = "cc_cleaner", "cc_cleaner\cc_cleaner.vcxproj", "{FC9A1EE6-D9DB-47F6-B0ED-8867439C43CE}"
EndProject
Project("{8BC9CEB8-8B4A-11D0-8D11-00A0C91BC942}") = "def_w_ammo3", "def_w_ammo3\def_w_ammo3.vcxproj", "{E13425D3-7F0A-421B-81E0-10E45A286939}"
EndProject
Project("{8BC9CEB8-8B4A-11D0-8D11-00A0C91BC942}") = "common_vc14", "..\common\common_vc14.vcxproj", "{D4C128A1-73DC-4941-A453-CE55AF239BA8}"
EndProject
Project("{8BC9CEB8-8B4A-11D0-8D11-00A0C91BC942}") = "f4se_common_vc14", "f4se_common\f4se_common_vc14.vcxproj", "{20C6411C-596F-4B85-BE4E-8BC91F59D8A6}"
EndProject
Project("{8BC9CEB8-8B4A-11D0-8D11-00A0C91BC942}") = "PRKF", "PRKF\PRKF.vcxproj", "{36D5BE24-554F-4FB8-96A3-C7D488820C2C}"
EndProject
Project("{8BC9CEB8-8B4A-11D0-8D11-00A0C91BC942}") = "XDI_Demo", "XDI_Demo\XDI_Demo.vcxproj", "{6AE86B02-7F61-4B6A-9BB1-1E865FC60089}"
EndProject
Project("{8BC9CEB8-8B4A-11D0-8D11-00A0C91BC942}") = "TIM", "TIM\TIM.vcxproj", "{0DA3A06F-9E6D-4CB3-80D8-F71DF6FC21C1}"
EndProject
Project("{8BC9CEB8-8B4A-11D0-8D11-00A0C91BC942}") = "def_ui", "def_ui\def_ui.vcxproj", "{6D8B80B3-359F-4C12-8636-C3A3EA7C0E49}"
EndProject
Project("{8BC9CEB8-8B4A-11D0-8D11-00A0C91BC942}") = "f4seee", "f4seee\f4seee.vcxproj", "{C6B959E7-1A18-47B3-BF76-60ADA737491C}"
EndProject
Project("{8BC9CEB8-8B4A-11D0-8D11-00A0C91BC942}") = "PipboyTabs", "PipboyTabs\PipboyTabs.vcxproj", "{B86AE453-7AC5-4ABB-AA9B-37AF3D5DD377}"
EndProject
Project("{8BC9CEB8-8B4A-11D0-8D11-00A0C91BC942}") = "customMenuTest", "customMenuTest\customMenuTest.vcxproj", "{73B63E98-D302-4B42-BFF4-D931BCF1C129}"
EndProject
Project("{8BC9CEB8-8B4A-11D0-8D11-00A0C91BC942}") = "ESH", "ESH\ESH.vcxproj", "{8EFB3878-11CB-40EE-87E5-35DCC49F2C0F}"
EndProject
Project("{8BC9CEB8-8B4A-11D0-8D11-00A0C91BC942}") = "test", "test\test.vcxproj", "{54027C51-55ED-4E44-8FCA-02C92E19D612}"
EndProject
Project("{8BC9CEB8-8B4A-11D0-8D11-00A0C91BC942}") = "SSW", "SSW\SSW.vcxproj", "{975C42C0-0750-43B0-862E-3FF7BB0CB538}"
EndProject
Project("{8BC9CEB8-8B4A-11D0-8D11-00A0C91BC942}") = "WSM", "WSM\WSM.vcxproj", "{509D9EA0-51BA-4CB4-9188-4B987C88796F}"
EndProject
Project("{8BC9CEB8-8B4A-11D0-8D11-00A0C91BC942}") = "reflectron_loader", "reflectron_loader\reflectron_loader.vcxproj", "{11B4D669-72A9-4729-8060-50CEBCA38748}"
EndProject
Project("{8BC9CEB8-8B4A-11D0-8D11-00A0C91BC942}") = "f4mcm", "..\..\f4mcm\src\f4mcm.vcxproj", "{B90CE001-A134-45D2-9B64-C70FF2607C6E}"
EndProject
Project("{8BC9CEB8-8B4A-11D0-8D11-00A0C91BC942}") = "ACW", "ACW - AmmoCountWidget\ACW.vcxproj", "{3E3AF7FA-8974-4EC3-AA71-E5D2394F82AD}"
EndProject
Project("{8BC9CEB8-8B4A-11D0-8D11-00A0C91BC942}") = "template", "template\template\template.vcxproj", "{2DA17FBA-B286-40FD-AAB3-097383B9CEF9}"
EndProject
Project("{8BC9CEB8-8B4A-11D0-8D11-00A0C91BC942}") = "UsefulFunctions", "UsefulFunctions\UsefulFunctions.vcxproj", "{380A2067-2040-4F84-82B7-291E1C6C1146}"
EndProject
Global
	GlobalSection(SolutionConfigurationPlatforms) = preSolution
		Debug_VC14|x64 = Debug_VC14|x64
		Debug_VC14|x86 = Debug_VC14|x86
		Debug|x64 = Debug|x64
		Debug|x86 = Debug|x86
		Release_VC14|x64 = Release_VC14|x64
		Release_VC14|x86 = Release_VC14|x86
		Release|x64 = Release|x64
		Release|x86 = Release|x86
	EndGlobalSection
	GlobalSection(ProjectConfigurationPlatforms) = postSolution
		{A236F69D-8FF9-4491-AC5F-45BF49448BBE}.Debug_VC14|x64.ActiveCfg = Debug|x64
		{A236F69D-8FF9-4491-AC5F-45BF49448BBE}.Debug_VC14|x64.Build.0 = Debug|x64
		{A236F69D-8FF9-4491-AC5F-45BF49448BBE}.Debug_VC14|x86.ActiveCfg = Release|x64
		{A236F69D-8FF9-4491-AC5F-45BF49448BBE}.Debug_VC14|x86.Build.0 = Release|x64
		{A236F69D-8FF9-4491-AC5F-45BF49448BBE}.Debug|x64.ActiveCfg = Debug|x64
		{A236F69D-8FF9-4491-AC5F-45BF49448BBE}.Debug|x64.Build.0 = Debug|x64
		{A236F69D-8FF9-4491-AC5F-45BF49448BBE}.Debug|x86.ActiveCfg = Debug|x64
		{A236F69D-8FF9-4491-AC5F-45BF49448BBE}.Release_VC14|x64.ActiveCfg = Debug|x64
		{A236F69D-8FF9-4491-AC5F-45BF49448BBE}.Release_VC14|x64.Build.0 = Debug|x64
		{A236F69D-8FF9-4491-AC5F-45BF49448BBE}.Release_VC14|x86.ActiveCfg = Release|x64
		{A236F69D-8FF9-4491-AC5F-45BF49448BBE}.Release_VC14|x86.Build.0 = Release|x64
		{A236F69D-8FF9-4491-AC5F-45BF49448BBE}.Release|x64.ActiveCfg = Release|x64
		{A236F69D-8FF9-4491-AC5F-45BF49448BBE}.Release|x64.Build.0 = Release|x64
		{A236F69D-8FF9-4491-AC5F-45BF49448BBE}.Release|x86.ActiveCfg = Release|x64
		{FC9A1EE6-D9DB-47F6-B0ED-8867439C43CE}.Debug_VC14|x64.ActiveCfg = Debug|x64
		{FC9A1EE6-D9DB-47F6-B0ED-8867439C43CE}.Debug_VC14|x64.Build.0 = Debug|x64
		{FC9A1EE6-D9DB-47F6-B0ED-8867439C43CE}.Debug_VC14|x64.Deploy.0 = Debug|x64
		{FC9A1EE6-D9DB-47F6-B0ED-8867439C43CE}.Debug_VC14|x86.ActiveCfg = Release|x64
		{FC9A1EE6-D9DB-47F6-B0ED-8867439C43CE}.Debug_VC14|x86.Build.0 = Release|x64
		{FC9A1EE6-D9DB-47F6-B0ED-8867439C43CE}.Debug_VC14|x86.Deploy.0 = Release|x64
		{FC9A1EE6-D9DB-47F6-B0ED-8867439C43CE}.Debug|x64.ActiveCfg = Debug|x64
		{FC9A1EE6-D9DB-47F6-B0ED-8867439C43CE}.Debug|x64.Build.0 = Debug|x64
		{FC9A1EE6-D9DB-47F6-B0ED-8867439C43CE}.Debug|x86.ActiveCfg = Debug|x64
		{FC9A1EE6-D9DB-47F6-B0ED-8867439C43CE}.Release_VC14|x64.ActiveCfg = Debug|x64
		{FC9A1EE6-D9DB-47F6-B0ED-8867439C43CE}.Release_VC14|x64.Build.0 = Debug|x64
		{FC9A1EE6-D9DB-47F6-B0ED-8867439C43CE}.Release_VC14|x64.Deploy.0 = Release|x64
		{FC9A1EE6-D9DB-47F6-B0ED-8867439C43CE}.Release_VC14|x86.ActiveCfg = Release|x64
		{FC9A1EE6-D9DB-47F6-B0ED-8867439C43CE}.Release_VC14|x86.Build.0 = Release|x64
		{FC9A1EE6-D9DB-47F6-B0ED-8867439C43CE}.Release_VC14|x86.Deploy.0 = Release|x64
		{FC9A1EE6-D9DB-47F6-B0ED-8867439C43CE}.Release|x64.ActiveCfg = Release|x64
		{FC9A1EE6-D9DB-47F6-B0ED-8867439C43CE}.Release|x64.Build.0 = Release|x64
		{FC9A1EE6-D9DB-47F6-B0ED-8867439C43CE}.Release|x86.ActiveCfg = Release|x64
		{E13425D3-7F0A-421B-81E0-10E45A286939}.Debug_VC14|x64.ActiveCfg = Debug|x64
		{E13425D3-7F0A-421B-81E0-10E45A286939}.Debug_VC14|x64.Build.0 = Debug|x64
		{E13425D3-7F0A-421B-81E0-10E45A286939}.Debug_VC14|x64.Deploy.0 = Debug|x64
		{E13425D3-7F0A-421B-81E0-10E45A286939}.Debug_VC14|x86.ActiveCfg = Release|x64
		{E13425D3-7F0A-421B-81E0-10E45A286939}.Debug_VC14|x86.Build.0 = Release|x64
		{E13425D3-7F0A-421B-81E0-10E45A286939}.Debug_VC14|x86.Deploy.0 = Release|x64
		{E13425D3-7F0A-421B-81E0-10E45A286939}.Debug|x64.ActiveCfg = Debug|x64
		{E13425D3-7F0A-421B-81E0-10E45A286939}.Debug|x64.Build.0 = Debug|x64
		{E13425D3-7F0A-421B-81E0-10E45A286939}.Debug|x86.ActiveCfg = Debug|x64
		{E13425D3-7F0A-421B-81E0-10E45A286939}.Release_VC14|x64.ActiveCfg = Debug|x64
		{E13425D3-7F0A-421B-81E0-10E45A286939}.Release_VC14|x64.Build.0 = Debug|x64
		{E13425D3-7F0A-421B-81E0-10E45A286939}.Release_VC14|x64.Deploy.0 = Release|x64
		{E13425D3-7F0A-421B-81E0-10E45A286939}.Release_VC14|x86.ActiveCfg = Release|x64
		{E13425D3-7F0A-421B-81E0-10E45A286939}.Release_VC14|x86.Build.0 = Release|x64
		{E13425D3-7F0A-421B-81E0-10E45A286939}.Release_VC14|x86.Deploy.0 = Release|x64
		{E13425D3-7F0A-421B-81E0-10E45A286939}.Release|x64.ActiveCfg = Release|x64
		{E13425D3-7F0A-421B-81E0-10E45A286939}.Release|x64.Build.0 = Release|x64
		{E13425D3-7F0A-421B-81E0-10E45A286939}.Release|x86.ActiveCfg = Release|x64
		{D4C128A1-73DC-4941-A453-CE55AF239BA8}.Debug_VC14|x64.ActiveCfg = Debug_VC14|x64
		{D4C128A1-73DC-4941-A453-CE55AF239BA8}.Debug_VC14|x64.Build.0 = Debug_VC14|x64
		{D4C128A1-73DC-4941-A453-CE55AF239BA8}.Debug_VC14|x86.ActiveCfg = Debug_VC14|Win32
		{D4C128A1-73DC-4941-A453-CE55AF239BA8}.Debug_VC14|x86.Build.0 = Debug_VC14|Win32
		{D4C128A1-73DC-4941-A453-CE55AF239BA8}.Debug|x64.ActiveCfg = Debug_VC14|x64
		{D4C128A1-73DC-4941-A453-CE55AF239BA8}.Debug|x64.Build.0 = Debug_VC14|x64
		{D4C128A1-73DC-4941-A453-CE55AF239BA8}.Debug|x86.ActiveCfg = Debug_VC14|Win32
		{D4C128A1-73DC-4941-A453-CE55AF239BA8}.Debug|x86.Build.0 = Debug_VC14|Win32
		{D4C128A1-73DC-4941-A453-CE55AF239BA8}.Release_VC14|x64.ActiveCfg = Debug_VC14|x64
		{D4C128A1-73DC-4941-A453-CE55AF239BA8}.Release_VC14|x64.Build.0 = Debug_VC14|x64
		{D4C128A1-73DC-4941-A453-CE55AF239BA8}.Release_VC14|x86.ActiveCfg = Release_VC14|Win32
		{D4C128A1-73DC-4941-A453-CE55AF239BA8}.Release_VC14|x86.Build.0 = Release_VC14|Win32
		{D4C128A1-73DC-4941-A453-CE55AF239BA8}.Release|x64.ActiveCfg = Release_VC14|x64
		{D4C128A1-73DC-4941-A453-CE55AF239BA8}.Release|x64.Build.0 = Release_VC14|x64
		{D4C128A1-73DC-4941-A453-CE55AF239BA8}.Release|x86.ActiveCfg = Release_VC14|Win32
		{D4C128A1-73DC-4941-A453-CE55AF239BA8}.Release|x86.Build.0 = Release_VC14|Win32
		{20C6411C-596F-4B85-BE4E-8BC91F59D8A6}.Debug_VC14|x64.ActiveCfg = Debug|x64
		{20C6411C-596F-4B85-BE4E-8BC91F59D8A6}.Debug_VC14|x64.Build.0 = Debug|x64
		{20C6411C-596F-4B85-BE4E-8BC91F59D8A6}.Debug_VC14|x86.ActiveCfg = Release|x64
		{20C6411C-596F-4B85-BE4E-8BC91F59D8A6}.Debug_VC14|x86.Build.0 = Release|x64
		{20C6411C-596F-4B85-BE4E-8BC91F59D8A6}.Debug|x64.ActiveCfg = Debug|x64
		{20C6411C-596F-4B85-BE4E-8BC91F59D8A6}.Debug|x64.Build.0 = Debug|x64
		{20C6411C-596F-4B85-BE4E-8BC91F59D8A6}.Debug|x86.ActiveCfg = Debug|x64
		{20C6411C-596F-4B85-BE4E-8BC91F59D8A6}.Release_VC14|x64.ActiveCfg = Debug|x64
		{20C6411C-596F-4B85-BE4E-8BC91F59D8A6}.Release_VC14|x64.Build.0 = Debug|x64
		{20C6411C-596F-4B85-BE4E-8BC91F59D8A6}.Release_VC14|x86.ActiveCfg = Release|x64
		{20C6411C-596F-4B85-BE4E-8BC91F59D8A6}.Release_VC14|x86.Build.0 = Release|x64
		{20C6411C-596F-4B85-BE4E-8BC91F59D8A6}.Release|x64.ActiveCfg = Release|x64
		{20C6411C-596F-4B85-BE4E-8BC91F59D8A6}.Release|x64.Build.0 = Release|x64
		{20C6411C-596F-4B85-BE4E-8BC91F59D8A6}.Release|x86.ActiveCfg = Release|x64
		{36D5BE24-554F-4FB8-96A3-C7D488820C2C}.Debug_VC14|x64.ActiveCfg = Debug|x64
		{36D5BE24-554F-4FB8-96A3-C7D488820C2C}.Debug_VC14|x64.Build.0 = Debug|x64
		{36D5BE24-554F-4FB8-96A3-C7D488820C2C}.Debug_VC14|x86.ActiveCfg = Debug|x64
		{36D5BE24-554F-4FB8-96A3-C7D488820C2C}.Debug_VC14|x86.Build.0 = Debug|x64
		{36D5BE24-554F-4FB8-96A3-C7D488820C2C}.Debug|x64.ActiveCfg = Debug|x64
		{36D5BE24-554F-4FB8-96A3-C7D488820C2C}.Debug|x64.Build.0 = Debug|x64
		{36D5BE24-554F-4FB8-96A3-C7D488820C2C}.Debug|x86.ActiveCfg = Debug|x64
		{36D5BE24-554F-4FB8-96A3-C7D488820C2C}.Release_VC14|x64.ActiveCfg = Debug|x64
		{36D5BE24-554F-4FB8-96A3-C7D488820C2C}.Release_VC14|x64.Build.0 = Debug|x64
		{36D5BE24-554F-4FB8-96A3-C7D488820C2C}.Release_VC14|x86.ActiveCfg = Debug|x64
		{36D5BE24-554F-4FB8-96A3-C7D488820C2C}.Release_VC14|x86.Build.0 = Debug|x64
		{36D5BE24-554F-4FB8-96A3-C7D488820C2C}.Release|x64.ActiveCfg = Release|x64
		{36D5BE24-554F-4FB8-96A3-C7D488820C2C}.Release|x64.Build.0 = Release|x64
		{36D5BE24-554F-4FB8-96A3-C7D488820C2C}.Release|x86.ActiveCfg = Release|x64
		{6AE86B02-7F61-4B6A-9BB1-1E865FC60089}.Debug_VC14|x64.ActiveCfg = Debug|x64
		{6AE86B02-7F61-4B6A-9BB1-1E865FC60089}.Debug_VC14|x64.Build.0 = Debug|x64
		{6AE86B02-7F61-4B6A-9BB1-1E865FC60089}.Debug_VC14|x86.ActiveCfg = Debug|x64
		{6AE86B02-7F61-4B6A-9BB1-1E865FC60089}.Debug_VC14|x86.Build.0 = Debug|x64
		{6AE86B02-7F61-4B6A-9BB1-1E865FC60089}.Debug|x64.ActiveCfg = Debug|x64
		{6AE86B02-7F61-4B6A-9BB1-1E865FC60089}.Debug|x64.Build.0 = Debug|x64
		{6AE86B02-7F61-4B6A-9BB1-1E865FC60089}.Debug|x86.ActiveCfg = Debug|x64
		{6AE86B02-7F61-4B6A-9BB1-1E865FC60089}.Release_VC14|x64.ActiveCfg = Debug|x64
		{6AE86B02-7F61-4B6A-9BB1-1E865FC60089}.Release_VC14|x64.Build.0 = Debug|x64
		{6AE86B02-7F61-4B6A-9BB1-1E865FC60089}.Release_VC14|x86.ActiveCfg = Debug|x64
		{6AE86B02-7F61-4B6A-9BB1-1E865FC60089}.Release_VC14|x86.Build.0 = Debug|x64
		{6AE86B02-7F61-4B6A-9BB1-1E865FC60089}.Release|x64.ActiveCfg = Release|x64
		{6AE86B02-7F61-4B6A-9BB1-1E865FC60089}.Release|x64.Build.0 = Release|x64
		{6AE86B02-7F61-4B6A-9BB1-1E865FC60089}.Release|x86.ActiveCfg = Release|x64
		{0DA3A06F-9E6D-4CB3-80D8-F71DF6FC21C1}.Debug_VC14|x64.ActiveCfg = Debug|x64
		{0DA3A06F-9E6D-4CB3-80D8-F71DF6FC21C1}.Debug_VC14|x64.Build.0 = Debug|x64
		{0DA3A06F-9E6D-4CB3-80D8-F71DF6FC21C1}.Debug_VC14|x86.ActiveCfg = Release|x64
		{0DA3A06F-9E6D-4CB3-80D8-F71DF6FC21C1}.Debug_VC14|x86.Build.0 = Release|x64
		{0DA3A06F-9E6D-4CB3-80D8-F71DF6FC21C1}.Debug|x64.ActiveCfg = Debug|x64
		{0DA3A06F-9E6D-4CB3-80D8-F71DF6FC21C1}.Debug|x64.Build.0 = Debug|x64
		{0DA3A06F-9E6D-4CB3-80D8-F71DF6FC21C1}.Debug|x86.ActiveCfg = Debug|x64
		{0DA3A06F-9E6D-4CB3-80D8-F71DF6FC21C1}.Release_VC14|x64.ActiveCfg = Debug|x64
		{0DA3A06F-9E6D-4CB3-80D8-F71DF6FC21C1}.Release_VC14|x64.Build.0 = Debug|x64
		{0DA3A06F-9E6D-4CB3-80D8-F71DF6FC21C1}.Release_VC14|x86.ActiveCfg = Release|x64
		{0DA3A06F-9E6D-4CB3-80D8-F71DF6FC21C1}.Release_VC14|x86.Build.0 = Release|x64
		{0DA3A06F-9E6D-4CB3-80D8-F71DF6FC21C1}.Release|x64.ActiveCfg = Release|x64
		{0DA3A06F-9E6D-4CB3-80D8-F71DF6FC21C1}.Release|x64.Build.0 = Release|x64
		{0DA3A06F-9E6D-4CB3-80D8-F71DF6FC21C1}.Release|x86.ActiveCfg = Release|x64
		{6D8B80B3-359F-4C12-8636-C3A3EA7C0E49}.Debug_VC14|x64.ActiveCfg = Debug|x64
		{6D8B80B3-359F-4C12-8636-C3A3EA7C0E49}.Debug_VC14|x64.Build.0 = Debug|x64
		{6D8B80B3-359F-4C12-8636-C3A3EA7C0E49}.Debug_VC14|x86.ActiveCfg = Debug|x64
		{6D8B80B3-359F-4C12-8636-C3A3EA7C0E49}.Debug_VC14|x86.Build.0 = Debug|x64
		{6D8B80B3-359F-4C12-8636-C3A3EA7C0E49}.Debug|x64.ActiveCfg = Debug|x64
		{6D8B80B3-359F-4C12-8636-C3A3EA7C0E49}.Debug|x64.Build.0 = Debug|x64
		{6D8B80B3-359F-4C12-8636-C3A3EA7C0E49}.Debug|x86.ActiveCfg = Debug|x64
		{6D8B80B3-359F-4C12-8636-C3A3EA7C0E49}.Release_VC14|x64.ActiveCfg = Debug|x64
		{6D8B80B3-359F-4C12-8636-C3A3EA7C0E49}.Release_VC14|x64.Build.0 = Debug|x64
		{6D8B80B3-359F-4C12-8636-C3A3EA7C0E49}.Release_VC14|x86.ActiveCfg = Debug|x64
		{6D8B80B3-359F-4C12-8636-C3A3EA7C0E49}.Release_VC14|x86.Build.0 = Debug|x64
		{6D8B80B3-359F-4C12-8636-C3A3EA7C0E49}.Release|x64.ActiveCfg = Release|x64
		{6D8B80B3-359F-4C12-8636-C3A3EA7C0E49}.Release|x64.Build.0 = Release|x64
		{6D8B80B3-359F-4C12-8636-C3A3EA7C0E49}.Release|x86.ActiveCfg = Release|x64
		{C6B959E7-1A18-47B3-BF76-60ADA737491C}.Debug_VC14|x64.ActiveCfg = Debug|x64
		{C6B959E7-1A18-47B3-BF76-60ADA737491C}.Debug_VC14|x64.Build.0 = Debug|x64
		{C6B959E7-1A18-47B3-BF76-60ADA737491C}.Debug_VC14|x86.ActiveCfg = Debug|x64
		{C6B959E7-1A18-47B3-BF76-60ADA737491C}.Debug_VC14|x86.Build.0 = Debug|x64
		{C6B959E7-1A18-47B3-BF76-60ADA737491C}.Debug|x64.ActiveCfg = Debug|x64
		{C6B959E7-1A18-47B3-BF76-60ADA737491C}.Debug|x64.Build.0 = Debug|x64
		{C6B959E7-1A18-47B3-BF76-60ADA737491C}.Debug|x86.ActiveCfg = Debug|x64
		{C6B959E7-1A18-47B3-BF76-60ADA737491C}.Release_VC14|x64.ActiveCfg = Debug|x64
		{C6B959E7-1A18-47B3-BF76-60ADA737491C}.Release_VC14|x64.Build.0 = Debug|x64
		{C6B959E7-1A18-47B3-BF76-60ADA737491C}.Release_VC14|x86.ActiveCfg = Debug|x64
		{C6B959E7-1A18-47B3-BF76-60ADA737491C}.Release_VC14|x86.Build.0 = Debug|x64
		{C6B959E7-1A18-47B3-BF76-60ADA737491C}.Release|x64.ActiveCfg = Release|x64
		{C6B959E7-1A18-47B3-BF76-60ADA737491C}.Release|x64.Build.0 = Release|x64
		{C6B959E7-1A18-47B3-BF76-60ADA737491C}.Release|x86.ActiveCfg = Release|x64
		{B86AE453-7AC5-4ABB-AA9B-37AF3D5DD377}.Debug_VC14|x64.ActiveCfg = Debug|x64
		{B86AE453-7AC5-4ABB-AA9B-37AF3D5DD377}.Debug_VC14|x64.Build.0 = Debug|x64
		{B86AE453-7AC5-4ABB-AA9B-37AF3D5DD377}.Debug_VC14|x86.ActiveCfg = Debug|x64
		{B86AE453-7AC5-4ABB-AA9B-37AF3D5DD377}.Debug_VC14|x86.Build.0 = Debug|x64
		{B86AE453-7AC5-4ABB-AA9B-37AF3D5DD377}.Debug|x64.ActiveCfg = Debug|x64
		{B86AE453-7AC5-4ABB-AA9B-37AF3D5DD377}.Debug|x64.Build.0 = Debug|x64
		{B86AE453-7AC5-4ABB-AA9B-37AF3D5DD377}.Debug|x86.ActiveCfg = Debug|x64
		{B86AE453-7AC5-4ABB-AA9B-37AF3D5DD377}.Release_VC14|x64.ActiveCfg = Release|x64
		{B86AE453-7AC5-4ABB-AA9B-37AF3D5DD377}.Release_VC14|x64.Build.0 = Release|x64
		{B86AE453-7AC5-4ABB-AA9B-37AF3D5DD377}.Release_VC14|x86.ActiveCfg = Debug|x64
		{B86AE453-7AC5-4ABB-AA9B-37AF3D5DD377}.Release_VC14|x86.Build.0 = Debug|x64
		{B86AE453-7AC5-4ABB-AA9B-37AF3D5DD377}.Release|x64.ActiveCfg = Release|x64
		{B86AE453-7AC5-4ABB-AA9B-37AF3D5DD377}.Release|x64.Build.0 = Release|x64
		{B86AE453-7AC5-4ABB-AA9B-37AF3D5DD377}.Release|x86.ActiveCfg = Release|x64
		{73B63E98-D302-4B42-BFF4-D931BCF1C129}.Debug_VC14|x64.ActiveCfg = Debug|x64
		{73B63E98-D302-4B42-BFF4-D931BCF1C129}.Debug_VC14|x64.Build.0 = Debug|x64
		{73B63E98-D302-4B42-BFF4-D931BCF1C129}.Debug_VC14|x86.ActiveCfg = Debug|x64
		{73B63E98-D302-4B42-BFF4-D931BCF1C129}.Debug_VC14|x86.Build.0 = Debug|x64
		{73B63E98-D302-4B42-BFF4-D931BCF1C129}.Debug|x64.ActiveCfg = Debug|x64
		{73B63E98-D302-4B42-BFF4-D931BCF1C129}.Debug|x64.Build.0 = Debug|x64
		{73B63E98-D302-4B42-BFF4-D931BCF1C129}.Debug|x86.ActiveCfg = Debug|x64
		{73B63E98-D302-4B42-BFF4-D931BCF1C129}.Release_VC14|x64.ActiveCfg = Release|x64
		{73B63E98-D302-4B42-BFF4-D931BCF1C129}.Release_VC14|x64.Build.0 = Release|x64
		{73B63E98-D302-4B42-BFF4-D931BCF1C129}.Release_VC14|x86.ActiveCfg = Debug|x64
		{73B63E98-D302-4B42-BFF4-D931BCF1C129}.Release_VC14|x86.Build.0 = Debug|x64
		{73B63E98-D302-4B42-BFF4-D931BCF1C129}.Release|x64.ActiveCfg = Release|x64
		{73B63E98-D302-4B42-BFF4-D931BCF1C129}.Release|x64.Build.0 = Release|x64
		{73B63E98-D302-4B42-BFF4-D931BCF1C129}.Release|x86.ActiveCfg = Release|x64
		{8EFB3878-11CB-40EE-87E5-35DCC49F2C0F}.Debug_VC14|x64.ActiveCfg = Debug|x64
		{8EFB3878-11CB-40EE-87E5-35DCC49F2C0F}.Debug_VC14|x64.Build.0 = Debug|x64
		{8EFB3878-11CB-40EE-87E5-35DCC49F2C0F}.Debug_VC14|x86.ActiveCfg = Release|x64
		{8EFB3878-11CB-40EE-87E5-35DCC49F2C0F}.Debug_VC14|x86.Build.0 = Release|x64
		{8EFB3878-11CB-40EE-87E5-35DCC49F2C0F}.Debug|x64.ActiveCfg = Debug|x64
		{8EFB3878-11CB-40EE-87E5-35DCC49F2C0F}.Debug|x64.Build.0 = Debug|x64
		{8EFB3878-11CB-40EE-87E5-35DCC49F2C0F}.Debug|x86.ActiveCfg = Debug|x64
		{8EFB3878-11CB-40EE-87E5-35DCC49F2C0F}.Release_VC14|x64.ActiveCfg = Release|x64
		{8EFB3878-11CB-40EE-87E5-35DCC49F2C0F}.Release_VC14|x64.Build.0 = Release|x64
		{8EFB3878-11CB-40EE-87E5-35DCC49F2C0F}.Release_VC14|x86.ActiveCfg = Release|x64
		{8EFB3878-11CB-40EE-87E5-35DCC49F2C0F}.Release_VC14|x86.Build.0 = Release|x64
		{8EFB3878-11CB-40EE-87E5-35DCC49F2C0F}.Release|x64.ActiveCfg = Release|x64
		{8EFB3878-11CB-40EE-87E5-35DCC49F2C0F}.Release|x64.Build.0 = Release|x64
		{8EFB3878-11CB-40EE-87E5-35DCC49F2C0F}.Release|x86.ActiveCfg = Release|x64
		{54027C51-55ED-4E44-8FCA-02C92E19D612}.Debug_VC14|x64.ActiveCfg = Debug|x64
		{54027C51-55ED-4E44-8FCA-02C92E19D612}.Debug_VC14|x64.Build.0 = Debug|x64
		{54027C51-55ED-4E44-8FCA-02C92E19D612}.Debug_VC14|x86.ActiveCfg = Debug|x64
		{54027C51-55ED-4E44-8FCA-02C92E19D612}.Debug_VC14|x86.Build.0 = Debug|x64
		{54027C51-55ED-4E44-8FCA-02C92E19D612}.Debug|x64.ActiveCfg = Debug|x64
		{54027C51-55ED-4E44-8FCA-02C92E19D612}.Debug|x64.Build.0 = Debug|x64
		{54027C51-55ED-4E44-8FCA-02C92E19D612}.Debug|x86.ActiveCfg = Debug|x64
		{54027C51-55ED-4E44-8FCA-02C92E19D612}.Release_VC14|x64.ActiveCfg = Release|x64
		{54027C51-55ED-4E44-8FCA-02C92E19D612}.Release_VC14|x64.Build.0 = Release|x64
		{54027C51-55ED-4E44-8FCA-02C92E19D612}.Release_VC14|x86.ActiveCfg = Debug|x64
		{54027C51-55ED-4E44-8FCA-02C92E19D612}.Release_VC14|x86.Build.0 = Debug|x64
		{54027C51-55ED-4E44-8FCA-02C92E19D612}.Release|x64.ActiveCfg = Release|x64
		{54027C51-55ED-4E44-8FCA-02C92E19D612}.Release|x64.Build.0 = Release|x64
		{54027C51-55ED-4E44-8FCA-02C92E19D612}.Release|x86.ActiveCfg = Release|x64
		{975C42C0-0750-43B0-862E-3FF7BB0CB538}.Debug_VC14|x64.ActiveCfg = Debug|x64
		{975C42C0-0750-43B0-862E-3FF7BB0CB538}.Debug_VC14|x64.Build.0 = Debug|x64
		{975C42C0-0750-43B0-862E-3FF7BB0CB538}.Debug_VC14|x86.ActiveCfg = Debug|x64
		{975C42C0-0750-43B0-862E-3FF7BB0CB538}.Debug_VC14|x86.Build.0 = Debug|x64
		{975C42C0-0750-43B0-862E-3FF7BB0CB538}.Debug|x64.ActiveCfg = Debug|x64
		{975C42C0-0750-43B0-862E-3FF7BB0CB538}.Debug|x64.Build.0 = Debug|x64
		{975C42C0-0750-43B0-862E-3FF7BB0CB538}.Debug|x86.ActiveCfg = Debug|x64
		{975C42C0-0750-43B0-862E-3FF7BB0CB538}.Release_VC14|x64.ActiveCfg = Release|x64
		{975C42C0-0750-43B0-862E-3FF7BB0CB538}.Release_VC14|x64.Build.0 = Release|x64
		{975C42C0-0750-43B0-862E-3FF7BB0CB538}.Release_VC14|x86.ActiveCfg = Debug|x64
		{975C42C0-0750-43B0-862E-3FF7BB0CB538}.Release_VC14|x86.Build.0 = Debug|x64
		{975C42C0-0750-43B0-862E-3FF7BB0CB538}.Release|x64.ActiveCfg = Release|x64
		{975C42C0-0750-43B0-862E-3FF7BB0CB538}.Release|x64.Build.0 = Release|x64
		{975C42C0-0750-43B0-862E-3FF7BB0CB538}.Release|x86.ActiveCfg = Release|x64
		{509D9EA0-51BA-4CB4-9188-4B987C88796F}.Debug_VC14|x64.ActiveCfg = Debug|x64
		{509D9EA0-51BA-4CB4-9188-4B987C88796F}.Debug_VC14|x64.Build.0 = Debug|x64
		{509D9EA0-51BA-4CB4-9188-4B987C88796F}.Debug_VC14|x86.ActiveCfg = Debug|x64
		{509D9EA0-51BA-4CB4-9188-4B987C88796F}.Debug_VC14|x86.Build.0 = Debug|x64
		{509D9EA0-51BA-4CB4-9188-4B987C88796F}.Debug|x64.ActiveCfg = Debug|x64
		{509D9EA0-51BA-4CB4-9188-4B987C88796F}.Debug|x64.Build.0 = Debug|x64
		{509D9EA0-51BA-4CB4-9188-4B987C88796F}.Debug|x86.ActiveCfg = Debug|x64
		{509D9EA0-51BA-4CB4-9188-4B987C88796F}.Release_VC14|x64.ActiveCfg = Release|x64
		{509D9EA0-51BA-4CB4-9188-4B987C88796F}.Release_VC14|x64.Build.0 = Release|x64
		{509D9EA0-51BA-4CB4-9188-4B987C88796F}.Release_VC14|x86.ActiveCfg = Debug|x64
		{509D9EA0-51BA-4CB4-9188-4B987C88796F}.Release_VC14|x86.Build.0 = Debug|x64
		{509D9EA0-51BA-4CB4-9188-4B987C88796F}.Release|x64.ActiveCfg = Release|x64
		{509D9EA0-51BA-4CB4-9188-4B987C88796F}.Release|x64.Build.0 = Release|x64
		{509D9EA0-51BA-4CB4-9188-4B987C88796F}.Release|x86.ActiveCfg = Release|x64
		{11B4D669-72A9-4729-8060-50CEBCA38748}.Debug_VC14|x64.ActiveCfg = Debug|x64
		{11B4D669-72A9-4729-8060-50CEBCA38748}.Debug_VC14|x64.Build.0 = Debug|x64
		{11B4D669-72A9-4729-8060-50CEBCA38748}.Debug_VC14|x86.ActiveCfg = Debug|x64
		{11B4D669-72A9-4729-8060-50CEBCA38748}.Debug_VC14|x86.Build.0 = Debug|x64
		{11B4D669-72A9-4729-8060-50CEBCA38748}.Debug|x64.ActiveCfg = Debug|x64
		{11B4D669-72A9-4729-8060-50CEBCA38748}.Debug|x64.Build.0 = Debug|x64
		{11B4D669-72A9-4729-8060-50CEBCA38748}.Debug|x86.ActiveCfg = Debug|x64
		{11B4D669-72A9-4729-8060-50CEBCA38748}.Release_VC14|x64.ActiveCfg = Release|x64
		{11B4D669-72A9-4729-8060-50CEBCA38748}.Release_VC14|x64.Build.0 = Release|x64
		{11B4D669-72A9-4729-8060-50CEBCA38748}.Release_VC14|x86.ActiveCfg = Debug|x64
		{11B4D669-72A9-4729-8060-50CEBCA38748}.Release_VC14|x86.Build.0 = Debug|x64
		{11B4D669-72A9-4729-8060-50CEBCA38748}.Release|x64.ActiveCfg = Release|x64
		{11B4D669-72A9-4729-8060-50CEBCA38748}.Release|x64.Build.0 = Release|x64
		{11B4D669-72A9-4729-8060-50CEBCA38748}.Release|x86.ActiveCfg = Release|x64
		{B90CE001-A134-45D2-9B64-C70FF2607C6E}.Debug_VC14|x64.ActiveCfg = Debug|x64
		{B90CE001-A134-45D2-9B64-C70FF2607C6E}.Debug_VC14|x64.Build.0 = Debug|x64
		{B90CE001-A134-45D2-9B64-C70FF2607C6E}.Debug_VC14|x86.ActiveCfg = Release|x64
		{B90CE001-A134-45D2-9B64-C70FF2607C6E}.Debug_VC14|x86.Build.0 = Release|x64
		{B90CE001-A134-45D2-9B64-C70FF2607C6E}.Debug|x64.ActiveCfg = Debug|x64
		{B90CE001-A134-45D2-9B64-C70FF2607C6E}.Debug|x64.Build.0 = Debug|x64
		{B90CE001-A134-45D2-9B64-C70FF2607C6E}.Debug|x86.ActiveCfg = Debug|x64
		{B90CE001-A134-45D2-9B64-C70FF2607C6E}.Release_VC14|x64.ActiveCfg = Release|x64
		{B90CE001-A134-45D2-9B64-C70FF2607C6E}.Release_VC14|x64.Build.0 = Release|x64
		{B90CE001-A134-45D2-9B64-C70FF2607C6E}.Release_VC14|x86.ActiveCfg = Release|x64
		{B90CE001-A134-45D2-9B64-C70FF2607C6E}.Release_VC14|x86.Build.0 = Release|x64
		{B90CE001-A134-45D2-9B64-C70FF2607C6E}.Release|x64.ActiveCfg = Release|x64
		{B90CE001-A134-45D2-9B64-C70FF2607C6E}.Release|x64.Build.0 = Release|x64
		{B90CE001-A134-45D2-9B64-C70FF2607C6E}.Release|x86.ActiveCfg = Release|x64
		{3E3AF7FA-8974-4EC3-AA71-E5D2394F82AD}.Debug_VC14|x64.ActiveCfg = Debug|x64
		{3E3AF7FA-8974-4EC3-AA71-E5D2394F82AD}.Debug_VC14|x64.Build.0 = Debug|x64
		{3E3AF7FA-8974-4EC3-AA71-E5D2394F82AD}.Debug_VC14|x86.ActiveCfg = Debug|x64
		{3E3AF7FA-8974-4EC3-AA71-E5D2394F82AD}.Debug_VC14|x86.Build.0 = Debug|x64
		{3E3AF7FA-8974-4EC3-AA71-E5D2394F82AD}.Debug|x64.ActiveCfg = Debug|x64
		{3E3AF7FA-8974-4EC3-AA71-E5D2394F82AD}.Debug|x64.Build.0 = Debug|x64
		{3E3AF7FA-8974-4EC3-AA71-E5D2394F82AD}.Debug|x86.ActiveCfg = Debug|x64
		{3E3AF7FA-8974-4EC3-AA71-E5D2394F82AD}.Release_VC14|x64.ActiveCfg = Release|x64
		{3E3AF7FA-8974-4EC3-AA71-E5D2394F82AD}.Release_VC14|x64.Build.0 = Release|x64
		{3E3AF7FA-8974-4EC3-AA71-E5D2394F82AD}.Release_VC14|x86.ActiveCfg = Debug|x64
		{3E3AF7FA-8974-4EC3-AA71-E5D2394F82AD}.Release_VC14|x86.Build.0 = Debug|x64
		{3E3AF7FA-8974-4EC3-AA71-E5D2394F82AD}.Release|x64.ActiveCfg = Release|x64
		{3E3AF7FA-8974-4EC3-AA71-E5D2394F82AD}.Release|x64.Build.0 = Release|x64
		{3E3AF7FA-8974-4EC3-AA71-E5D2394F82AD}.Release|x86.ActiveCfg = Release|x64
		{2DA17FBA-B286-40FD-AAB3-097383B9CEF9}.Debug_VC14|x64.ActiveCfg = Debug|x64
		{2DA17FBA-B286-40FD-AAB3-097383B9CEF9}.Debug_VC14|x64.Build.0 = Debug|x64
		{2DA17FBA-B286-40FD-AAB3-097383B9CEF9}.Debug_VC14|x86.ActiveCfg = Debug|x64
		{2DA17FBA-B286-40FD-AAB3-097383B9CEF9}.Debug_VC14|x86.Build.0 = Debug|x64
		{2DA17FBA-B286-40FD-AAB3-097383B9CEF9}.Debug|x64.ActiveCfg = Debug|x64
		{2DA17FBA-B286-40FD-AAB3-097383B9CEF9}.Debug|x64.Build.0 = Debug|x64
		{2DA17FBA-B286-40FD-AAB3-097383B9CEF9}.Debug|x86.ActiveCfg = Debug|x64
		{2DA17FBA-B286-40FD-AAB3-097383B9CEF9}.Release_VC14|x64.ActiveCfg = Release|x64
		{2DA17FBA-B286-40FD-AAB3-097383B9CEF9}.Release_VC14|x64.Build.0 = Release|x64
		{2DA17FBA-B286-40FD-AAB3-097383B9CEF9}.Release_VC14|x86.ActiveCfg = Debug|x64
		{2DA17FBA-B286-40FD-AAB3-097383B9CEF9}.Release_VC14|x86.Build.0 = Debug|x64
		{2DA17FBA-B286-40FD-AAB3-097383B9CEF9}.Release|x64.ActiveCfg = Release|x64
		{2DA17FBA-B286-40FD-AAB3-097383B9CEF9}.Release|x64.Build.0 = Release|x64
		{2DA17FBA-B286-40FD-AAB3-097383B9CEF9}.Release|x86.ActiveCfg = Release|x64
		{380A2067-2040-4F84-82B7-291E1C6C1146}.Debug_VC14|x64.ActiveCfg = Debug|x64
		{380A2067-2040-4F84-82B7-291E1C6C1146}.Debug_VC14|x64.Build.0 = Debug|x64
		{380A2067-2040-4F84-82B7-291E1C6C1146}.Debug_VC14|x86.ActiveCfg = Release|x64
		{380A2067-2040-4F84-82B7-291E1C6C1146}.Debug_VC14|x86.Build.0 = Release|x64
		{380A2067-2040-4F84-82B7-291E1C6C1146}.Debug|x64.ActiveCfg = Debug|x64
		{380A2067-2040-4F84-82B7-291E1C6C1146}.Debug|x64.Build.0 = Debug|x64
		{380A2067-2040-4F84-82B7-291E1C6C1146}.Debug|x86.ActiveCfg = Debug|x64
		{380A2067-2040-4F84-82B7-291E1C6C1146}.Release_VC14|x64.ActiveCfg = Release|x64
		{380A2067-2040-4F84-82B7-291E1C6C1146}.Release_VC14|x64.Build.0 = Release|x64
		{380A2067-2040-4F84-82B7-291E1C6C1146}.Release_VC14|x86.ActiveCfg = Release|x64
		{380A2067-2040-4F84-82B7-291E1C6C1146}.Release_VC14|x86.Build.0 = Release|x64
		{380A2067-2040-4F84-82B7-291E1C6C1146}.Release|x64.ActiveCfg = Release|x64
		{380A2067-2040-4F84-82B7-291E1C6C1146}.Release|x64.Build.0 = Release|x64
		{380A2067-2040-4F84-82B7-291E1C6C1146}.Release|x86.ActiveCfg = Release|x64
	EndGlobalSection
	GlobalSection(SolutionProperties) = preSolution
		HideSolutionNode = FALSE
	EndGlobalSection
	GlobalSection(ExtensibilityGlobals) = postSolution
		SolutionGuid = {70B89E7F-273B-4625-A0B7-15DABD6E84CD}
	EndGlobalSection
EndGlobal
