
Microsoft Visual Studio Solution File, Format Version 12.00
# Visual Studio 15
VisualStudioVersion = 15.0.27130.2010
MinimumVisualStudioVersion = 10.0.40219.1
Project("{8BC9CEB8-8B4A-11D0-8D11-00A0C91BC942}") = "f4se", "f4se\f4se.vcxproj", "{A236F69D-8FF9-4491-AC5F-45BF49448BBE}"
EndProject
Project("{8BC9CEB8-8B4A-11D0-8D11-00A0C91BC942}") = "cc_cleaner", "cc_cleaner\cc_cleaner.vcxproj", "{FC9A1EE6-D9DB-47F6-B0ED-8867439C43CE}"
EndProject
Project("{8BC9CEB8-8B4A-11D0-8D11-00A0C91BC942}") = "def_w_ammo3", "def_w_ammo3\def_w_ammo3.vcxproj", "{E13425D3-7F0A-421B-81E0-10E45A286939}"
EndProject
Project("{8BC9CEB8-8B4A-11D0-8D11-00A0C91BC942}") = "common_vc14", "..\common\common_vc14.vcxproj", "{D4C128A1-73DC-4941-A453-CE55AF239BA8}"
EndProject
Project("{8BC9CEB8-8B4A-11D0-8D11-00A0C91BC942}") = "f4se_common_vc14", "f4se_common\f4se_common_vc14.vcxproj", "{20C6411C-596F-4B85-BE4E-8BC91F59D8A6}"
EndProject
Project("{8BC9CEB8-8B4A-11D0-8D11-00A0C91BC942}") = "NVStart", "NVStart\NVStart.vcxproj", "{E7A7EF7F-A78B-4EEA-A40D-2892B42769F6}"
EndProject
Project("{8BC9CEB8-8B4A-11D0-8D11-00A0C91BC942}") = "PRKF", "PRKF\PRKF.vcxproj", "{36D5BE24-554F-4FB8-96A3-C7D488820C2C}"
EndProject
Project("{8BC9CEB8-8B4A-11D0-8D11-00A0C91BC942}") = "XDI_Demo", "XDI_Demo\XDI_Demo.vcxproj", "{6AE86B02-7F61-4B6A-9BB1-1E865FC60089}"
EndProject
Project("{8BC9CEB8-8B4A-11D0-8D11-00A0C91BC942}") = "TIM", "TIM\TIM.vcxproj", "{0DA3A06F-9E6D-4CB3-80D8-F71DF6FC21C1}"
EndProject
Project("{8BC9CEB8-8B4A-11D0-8D11-00A0C91BC942}") = "def_ui", "def_ui\def_ui.vcxproj", "{6D8B80B3-359F-4C12-8636-C3A3EA7C0E49}"
EndProject
Project("{8BC9CEB8-8B4A-11D0-8D11-00A0C91BC942}") = "f4mcm", "f4mcm\f4mcm.vcxproj", "{92CBAC5B-364F-48D0-B060-2CC89AA127B0}"
EndProject
Project("{8BC9CEB8-8B4A-11D0-8D11-00A0C91BC942}") = "removesurvival", "removesurvival\removesurvival.vcxproj", "{49AE3E43-40B9-49A2-B0B7-00E1CB1BA929}"
EndProject
Project("{8BC9CEB8-8B4A-11D0-8D11-00A0C91BC942}") = "f4seee", "f4seee\f4seee.vcxproj", "{C6B959E7-1A18-47B3-BF76-60ADA737491C}"
EndProject
Project("{8BC9CEB8-8B4A-11D0-8D11-00A0C91BC942}") = "GetFormFlags", "GetFormFlags\GetFormFlags.vcxproj", "{C1AB6810-B7C5-499A-85FA-87FF1B0C7FC5}"
EndProject
Project("{8BC9CEB8-8B4A-11D0-8D11-00A0C91BC942}") = "IsMenuOpenFix", "IsMenuOpenFix\IsMenuOpenFix.vcxproj", "{B4F2685D-121E-4692-8B69-CA4E3CDE7173}"
EndProject
Project("{8BC9CEB8-8B4A-11D0-8D11-00A0C91BC942}") = "PipboyTabs", "PipboyTabs\PipboyTabs.vcxproj", "{B86AE453-7AC5-4ABB-AA9B-37AF3D5DD377}"
EndProject
Project("{8BC9CEB8-8B4A-11D0-8D11-00A0C91BC942}") = "customMenuTest", "customMenuTest\customMenuTest.vcxproj", "{73B63E98-D302-4B42-BFF4-D931BCF1C129}"
EndProject
Project("{8BC9CEB8-8B4A-11D0-8D11-00A0C91BC942}") = "ArmorEx", "ArmorEx\ArmorEx.vcxproj", "{2F24B9EF-CBAD-4C2D-AA48-84B9A6DA9E6F}"
EndProject
Global
	GlobalSection(SolutionConfigurationPlatforms) = preSolution
		Debug_VC14|x64 = Debug_VC14|x64
		Debug_VC14|x86 = Debug_VC14|x86
		Debug|x64 = Debug|x64
		Debug|x86 = Debug|x86
		Release_VC14|x64 = Release_VC14|x64
		Release_VC14|x86 = Release_VC14|x86
		Release|x64 = Release|x64
		Release|x86 = Release|x86
	EndGlobalSection
	GlobalSection(ProjectConfigurationPlatforms) = postSolution
		{A236F69D-8FF9-4491-AC5F-45BF49448BBE}.Debug_VC14|x64.ActiveCfg = Debug|x64
		{A236F69D-8FF9-4491-AC5F-45BF49448BBE}.Debug_VC14|x64.Build.0 = Debug|x64
		{A236F69D-8FF9-4491-AC5F-45BF49448BBE}.Debug_VC14|x86.ActiveCfg = Release|x64
		{A236F69D-8FF9-4491-AC5F-45BF49448BBE}.Debug_VC14|x86.Build.0 = Release|x64
		{A236F69D-8FF9-4491-AC5F-45BF49448BBE}.Debug|x64.ActiveCfg = Debug|x64
		{A236F69D-8FF9-4491-AC5F-45BF49448BBE}.Debug|x64.Build.0 = Debug|x64
		{A236F69D-8FF9-4491-AC5F-45BF49448BBE}.Debug|x86.ActiveCfg = Debug|x64
		{A236F69D-8FF9-4491-AC5F-45BF49448BBE}.Release_VC14|x64.ActiveCfg = Debug|x64
		{A236F69D-8FF9-4491-AC5F-45BF49448BBE}.Release_VC14|x64.Build.0 = Debug|x64
		{A236F69D-8FF9-4491-AC5F-45BF49448BBE}.Release_VC14|x86.ActiveCfg = Release|x64
		{A236F69D-8FF9-4491-AC5F-45BF49448BBE}.Release_VC14|x86.Build.0 = Release|x64
		{A236F69D-8FF9-4491-AC5F-45BF49448BBE}.Release|x64.ActiveCfg = Release|x64
		{A236F69D-8FF9-4491-AC5F-45BF49448BBE}.Release|x64.Build.0 = Release|x64
		{A236F69D-8FF9-4491-AC5F-45BF49448BBE}.Release|x86.ActiveCfg = Release|x64
		{FC9A1EE6-D9DB-47F6-B0ED-8867439C43CE}.Debug_VC14|x64.ActiveCfg = Debug|x64
		{FC9A1EE6-D9DB-47F6-B0ED-8867439C43CE}.Debug_VC14|x64.Build.0 = Debug|x64
		{FC9A1EE6-D9DB-47F6-B0ED-8867439C43CE}.Debug_VC14|x64.Deploy.0 = Debug|x64
		{FC9A1EE6-D9DB-47F6-B0ED-8867439C43CE}.Debug_VC14|x86.ActiveCfg = Release|x64
		{FC9A1EE6-D9DB-47F6-B0ED-8867439C43CE}.Debug_VC14|x86.Build.0 = Release|x64
		{FC9A1EE6-D9DB-47F6-B0ED-8867439C43CE}.Debug_VC14|x86.Deploy.0 = Release|x64
		{FC9A1EE6-D9DB-47F6-B0ED-8867439C43CE}.Debug|x64.ActiveCfg = Debug|x64
		{FC9A1EE6-D9DB-47F6-B0ED-8867439C43CE}.Debug|x64.Build.0 = Debug|x64
		{FC9A1EE6-D9DB-47F6-B0ED-8867439C43CE}.Debug|x86.ActiveCfg = Debug|x64
		{FC9A1EE6-D9DB-47F6-B0ED-8867439C43CE}.Release_VC14|x64.ActiveCfg = Debug|x64
		{FC9A1EE6-D9DB-47F6-B0ED-8867439C43CE}.Release_VC14|x64.Build.0 = Debug|x64
		{FC9A1EE6-D9DB-47F6-B0ED-8867439C43CE}.Release_VC14|x64.Deploy.0 = Release|x64
		{FC9A1EE6-D9DB-47F6-B0ED-8867439C43CE}.Release_VC14|x86.ActiveCfg = Release|x64
		{FC9A1EE6-D9DB-47F6-B0ED-8867439C43CE}.Release_VC14|x86.Build.0 = Release|x64
		{FC9A1EE6-D9DB-47F6-B0ED-8867439C43CE}.Release_VC14|x86.Deploy.0 = Release|x64
		{FC9A1EE6-D9DB-47F6-B0ED-8867439C43CE}.Release|x64.ActiveCfg = Release|x64
		{FC9A1EE6-D9DB-47F6-B0ED-8867439C43CE}.Release|x64.Build.0 = Release|x64
		{FC9A1EE6-D9DB-47F6-B0ED-8867439C43CE}.Release|x86.ActiveCfg = Release|x64
		{E13425D3-7F0A-421B-81E0-10E45A286939}.Debug_VC14|x64.ActiveCfg = Debug|x64
		{E13425D3-7F0A-421B-81E0-10E45A286939}.Debug_VC14|x64.Build.0 = Debug|x64
		{E13425D3-7F0A-421B-81E0-10E45A286939}.Debug_VC14|x64.Deploy.0 = Debug|x64
		{E13425D3-7F0A-421B-81E0-10E45A286939}.Debug_VC14|x86.ActiveCfg = Release|x64
		{E13425D3-7F0A-421B-81E0-10E45A286939}.Debug_VC14|x86.Build.0 = Release|x64
		{E13425D3-7F0A-421B-81E0-10E45A286939}.Debug_VC14|x86.Deploy.0 = Release|x64
		{E13425D3-7F0A-421B-81E0-10E45A286939}.Debug|x64.ActiveCfg = Debug|x64
		{E13425D3-7F0A-421B-81E0-10E45A286939}.Debug|x64.Build.0 = Debug|x64
		{E13425D3-7F0A-421B-81E0-10E45A286939}.Debug|x86.ActiveCfg = Debug|x64
		{E13425D3-7F0A-421B-81E0-10E45A286939}.Release_VC14|x64.ActiveCfg = Debug|x64
		{E13425D3-7F0A-421B-81E0-10E45A286939}.Release_VC14|x64.Build.0 = Debug|x64
		{E13425D3-7F0A-421B-81E0-10E45A286939}.Release_VC14|x64.Deploy.0 = Release|x64
		{E13425D3-7F0A-421B-81E0-10E45A286939}.Release_VC14|x86.ActiveCfg = Release|x64
		{E13425D3-7F0A-421B-81E0-10E45A286939}.Release_VC14|x86.Build.0 = Release|x64
		{E13425D3-7F0A-421B-81E0-10E45A286939}.Release_VC14|x86.Deploy.0 = Release|x64
		{E13425D3-7F0A-421B-81E0-10E45A286939}.Release|x64.ActiveCfg = Release|x64
		{E13425D3-7F0A-421B-81E0-10E45A286939}.Release|x64.Build.0 = Release|x64
		{E13425D3-7F0A-421B-81E0-10E45A286939}.Release|x86.ActiveCfg = Release|x64
		{D4C128A1-73DC-4941-A453-CE55AF239BA8}.Debug_VC14|x64.ActiveCfg = Debug_VC14|x64
		{D4C128A1-73DC-4941-A453-CE55AF239BA8}.Debug_VC14|x64.Build.0 = Debug_VC14|x64
		{D4C128A1-73DC-4941-A453-CE55AF239BA8}.Debug_VC14|x86.ActiveCfg = Debug_VC14|Win32
		{D4C128A1-73DC-4941-A453-CE55AF239BA8}.Debug_VC14|x86.Build.0 = Debug_VC14|Win32
		{D4C128A1-73DC-4941-A453-CE55AF239BA8}.Debug|x64.ActiveCfg = Debug_VC14|x64
		{D4C128A1-73DC-4941-A453-CE55AF239BA8}.Debug|x64.Build.0 = Debug_VC14|x64
		{D4C128A1-73DC-4941-A453-CE55AF239BA8}.Debug|x86.ActiveCfg = Debug_VC14|Win32
		{D4C128A1-73DC-4941-A453-CE55AF239BA8}.Debug|x86.Build.0 = Debug_VC14|Win32
		{D4C128A1-73DC-4941-A453-CE55AF239BA8}.Release_VC14|x64.ActiveCfg = Debug_VC14|x64
		{D4C128A1-73DC-4941-A453-CE55AF239BA8}.Release_VC14|x64.Build.0 = Debug_VC14|x64
		{D4C128A1-73DC-4941-A453-CE55AF239BA8}.Release_VC14|x86.ActiveCfg = Release_VC14|Win32
		{D4C128A1-73DC-4941-A453-CE55AF239BA8}.Release_VC14|x86.Build.0 = Release_VC14|Win32
		{D4C128A1-73DC-4941-A453-CE55AF239BA8}.Release|x64.ActiveCfg = Release_VC14|x64
		{D4C128A1-73DC-4941-A453-CE55AF239BA8}.Release|x64.Build.0 = Release_VC14|x64
		{D4C128A1-73DC-4941-A453-CE55AF239BA8}.Release|x86.ActiveCfg = Release_VC14|Win32
		{D4C128A1-73DC-4941-A453-CE55AF239BA8}.Release|x86.Build.0 = Release_VC14|Win32
		{20C6411C-596F-4B85-BE4E-8BC91F59D8A6}.Debug_VC14|x64.ActiveCfg = Debug|x64
		{20C6411C-596F-4B85-BE4E-8BC91F59D8A6}.Debug_VC14|x64.Build.0 = Debug|x64
		{20C6411C-596F-4B85-BE4E-8BC91F59D8A6}.Debug_VC14|x86.ActiveCfg = Release|x64
		{20C6411C-596F-4B85-BE4E-8BC91F59D8A6}.Debug_VC14|x86.Build.0 = Release|x64
		{20C6411C-596F-4B85-BE4E-8BC91F59D8A6}.Debug|x64.ActiveCfg = Debug|x64
		{20C6411C-596F-4B85-BE4E-8BC91F59D8A6}.Debug|x64.Build.0 = Debug|x64
		{20C6411C-596F-4B85-BE4E-8BC91F59D8A6}.Debug|x86.ActiveCfg = Debug|x64
		{20C6411C-596F-4B85-BE4E-8BC91F59D8A6}.Release_VC14|x64.ActiveCfg = Debug|x64
		{20C6411C-596F-4B85-BE4E-8BC91F59D8A6}.Release_VC14|x64.Build.0 = Debug|x64
		{20C6411C-596F-4B85-BE4E-8BC91F59D8A6}.Release_VC14|x86.ActiveCfg = Release|x64
		{20C6411C-596F-4B85-BE4E-8BC91F59D8A6}.Release_VC14|x86.Build.0 = Release|x64
		{20C6411C-596F-4B85-BE4E-8BC91F59D8A6}.Release|x64.ActiveCfg = Release|x64
		{20C6411C-596F-4B85-BE4E-8BC91F59D8A6}.Release|x64.Build.0 = Release|x64
		{20C6411C-596F-4B85-BE4E-8BC91F59D8A6}.Release|x86.ActiveCfg = Release|x64
		{E7A7EF7F-A78B-4EEA-A40D-2892B42769F6}.Debug_VC14|x64.ActiveCfg = Debug|x64
		{E7A7EF7F-A78B-4EEA-A40D-2892B42769F6}.Debug_VC14|x64.Build.0 = Debug|x64
		{E7A7EF7F-A78B-4EEA-A40D-2892B42769F6}.Debug_VC14|x86.ActiveCfg = Release|x64
		{E7A7EF7F-A78B-4EEA-A40D-2892B42769F6}.Debug_VC14|x86.Build.0 = Release|x64
		{E7A7EF7F-A78B-4EEA-A40D-2892B42769F6}.Debug|x64.ActiveCfg = Debug|x64
		{E7A7EF7F-A78B-4EEA-A40D-2892B42769F6}.Debug|x64.Build.0 = Debug|x64
		{E7A7EF7F-A78B-4EEA-A40D-2892B42769F6}.Debug|x86.ActiveCfg = Debug|x64
		{E7A7EF7F-A78B-4EEA-A40D-2892B42769F6}.Release_VC14|x64.ActiveCfg = Debug|x64
		{E7A7EF7F-A78B-4EEA-A40D-2892B42769F6}.Release_VC14|x64.Build.0 = Debug|x64
		{E7A7EF7F-A78B-4EEA-A40D-2892B42769F6}.Release_VC14|x86.ActiveCfg = Release|x64
		{E7A7EF7F-A78B-4EEA-A40D-2892B42769F6}.Release_VC14|x86.Build.0 = Release|x64
		{E7A7EF7F-A78B-4EEA-A40D-2892B42769F6}.Release|x64.ActiveCfg = Release|x64
		{E7A7EF7F-A78B-4EEA-A40D-2892B42769F6}.Release|x64.Build.0 = Release|x64
		{E7A7EF7F-A78B-4EEA-A40D-2892B42769F6}.Release|x86.ActiveCfg = Release|x64
		{36D5BE24-554F-4FB8-96A3-C7D488820C2C}.Debug_VC14|x64.ActiveCfg = Debug|x64
		{36D5BE24-554F-4FB8-96A3-C7D488820C2C}.Debug_VC14|x64.Build.0 = Debug|x64
		{36D5BE24-554F-4FB8-96A3-C7D488820C2C}.Debug_VC14|x86.ActiveCfg = Debug|x64
		{36D5BE24-554F-4FB8-96A3-C7D488820C2C}.Debug_VC14|x86.Build.0 = Debug|x64
		{36D5BE24-554F-4FB8-96A3-C7D488820C2C}.Debug|x64.ActiveCfg = Debug|x64
		{36D5BE24-554F-4FB8-96A3-C7D488820C2C}.Debug|x64.Build.0 = Debug|x64
		{36D5BE24-554F-4FB8-96A3-C7D488820C2C}.Debug|x86.ActiveCfg = Debug|x64
		{36D5BE24-554F-4FB8-96A3-C7D488820C2C}.Release_VC14|x64.ActiveCfg = Debug|x64
		{36D5BE24-554F-4FB8-96A3-C7D488820C2C}.Release_VC14|x64.Build.0 = Debug|x64
		{36D5BE24-554F-4FB8-96A3-C7D488820C2C}.Release_VC14|x86.ActiveCfg = Debug|x64
		{36D5BE24-554F-4FB8-96A3-C7D488820C2C}.Release_VC14|x86.Build.0 = Debug|x64
		{36D5BE24-554F-4FB8-96A3-C7D488820C2C}.Release|x64.ActiveCfg = Release|x64
		{36D5BE24-554F-4FB8-96A3-C7D488820C2C}.Release|x64.Build.0 = Release|x64
		{36D5BE24-554F-4FB8-96A3-C7D488820C2C}.Release|x86.ActiveCfg = Release|x64
		{6AE86B02-7F61-4B6A-9BB1-1E865FC60089}.Debug_VC14|x64.ActiveCfg = Debug|x64
		{6AE86B02-7F61-4B6A-9BB1-1E865FC60089}.Debug_VC14|x64.Build.0 = Debug|x64
		{6AE86B02-7F61-4B6A-9BB1-1E865FC60089}.Debug_VC14|x86.ActiveCfg = Debug|x64
		{6AE86B02-7F61-4B6A-9BB1-1E865FC60089}.Debug_VC14|x86.Build.0 = Debug|x64
		{6AE86B02-7F61-4B6A-9BB1-1E865FC60089}.Debug|x64.ActiveCfg = Debug|x64
		{6AE86B02-7F61-4B6A-9BB1-1E865FC60089}.Debug|x64.Build.0 = Debug|x64
		{6AE86B02-7F61-4B6A-9BB1-1E865FC60089}.Debug|x86.ActiveCfg = Debug|x64
		{6AE86B02-7F61-4B6A-9BB1-1E865FC60089}.Release_VC14|x64.ActiveCfg = Debug|x64
		{6AE86B02-7F61-4B6A-9BB1-1E865FC60089}.Release_VC14|x64.Build.0 = Debug|x64
		{6AE86B02-7F61-4B6A-9BB1-1E865FC60089}.Release_VC14|x86.ActiveCfg = Debug|x64
		{6AE86B02-7F61-4B6A-9BB1-1E865FC60089}.Release_VC14|x86.Build.0 = Debug|x64
		{6AE86B02-7F61-4B6A-9BB1-1E865FC60089}.Release|x64.ActiveCfg = Release|x64
		{6AE86B02-7F61-4B6A-9BB1-1E865FC60089}.Release|x64.Build.0 = Release|x64
		{6AE86B02-7F61-4B6A-9BB1-1E865FC60089}.Release|x86.ActiveCfg = Release|x64
		{0DA3A06F-9E6D-4CB3-80D8-F71DF6FC21C1}.Debug_VC14|x64.ActiveCfg = Debug|x64
		{0DA3A06F-9E6D-4CB3-80D8-F71DF6FC21C1}.Debug_VC14|x64.Build.0 = Debug|x64
		{0DA3A06F-9E6D-4CB3-80D8-F71DF6FC21C1}.Debug_VC14|x86.ActiveCfg = Release|x64
		{0DA3A06F-9E6D-4CB3-80D8-F71DF6FC21C1}.Debug_VC14|x86.Build.0 = Release|x64
		{0DA3A06F-9E6D-4CB3-80D8-F71DF6FC21C1}.Debug|x64.ActiveCfg = Debug|x64
		{0DA3A06F-9E6D-4CB3-80D8-F71DF6FC21C1}.Debug|x64.Build.0 = Debug|x64
		{0DA3A06F-9E6D-4CB3-80D8-F71DF6FC21C1}.Debug|x86.ActiveCfg = Debug|x64
		{0DA3A06F-9E6D-4CB3-80D8-F71DF6FC21C1}.Release_VC14|x64.ActiveCfg = Debug|x64
		{0DA3A06F-9E6D-4CB3-80D8-F71DF6FC21C1}.Release_VC14|x64.Build.0 = Debug|x64
		{0DA3A06F-9E6D-4CB3-80D8-F71DF6FC21C1}.Release_VC14|x86.ActiveCfg = Release|x64
		{0DA3A06F-9E6D-4CB3-80D8-F71DF6FC21C1}.Release_VC14|x86.Build.0 = Release|x64
		{0DA3A06F-9E6D-4CB3-80D8-F71DF6FC21C1}.Release|x64.ActiveCfg = Release|x64
		{0DA3A06F-9E6D-4CB3-80D8-F71DF6FC21C1}.Release|x64.Build.0 = Release|x64
		{0DA3A06F-9E6D-4CB3-80D8-F71DF6FC21C1}.Release|x86.ActiveCfg = Release|x64
		{6D8B80B3-359F-4C12-8636-C3A3EA7C0E49}.Debug_VC14|x64.ActiveCfg = Debug|x64
		{6D8B80B3-359F-4C12-8636-C3A3EA7C0E49}.Debug_VC14|x64.Build.0 = Debug|x64
		{6D8B80B3-359F-4C12-8636-C3A3EA7C0E49}.Debug_VC14|x86.ActiveCfg = Debug|x64
		{6D8B80B3-359F-4C12-8636-C3A3EA7C0E49}.Debug_VC14|x86.Build.0 = Debug|x64
		{6D8B80B3-359F-4C12-8636-C3A3EA7C0E49}.Debug|x64.ActiveCfg = Debug|x64
		{6D8B80B3-359F-4C12-8636-C3A3EA7C0E49}.Debug|x64.Build.0 = Debug|x64
		{6D8B80B3-359F-4C12-8636-C3A3EA7C0E49}.Debug|x86.ActiveCfg = Debug|x64
		{6D8B80B3-359F-4C12-8636-C3A3EA7C0E49}.Release_VC14|x64.ActiveCfg = Debug|x64
		{6D8B80B3-359F-4C12-8636-C3A3EA7C0E49}.Release_VC14|x64.Build.0 = Debug|x64
		{6D8B80B3-359F-4C12-8636-C3A3EA7C0E49}.Release_VC14|x86.ActiveCfg = Debug|x64
		{6D8B80B3-359F-4C12-8636-C3A3EA7C0E49}.Release_VC14|x86.Build.0 = Debug|x64
		{6D8B80B3-359F-4C12-8636-C3A3EA7C0E49}.Release|x64.ActiveCfg = Release|x64
		{6D8B80B3-359F-4C12-8636-C3A3EA7C0E49}.Release|x64.Build.0 = Release|x64
		{6D8B80B3-359F-4C12-8636-C3A3EA7C0E49}.Release|x86.ActiveCfg = Release|x64
		{92CBAC5B-364F-48D0-B060-2CC89AA127B0}.Debug_VC14|x64.ActiveCfg = Debug|x64
		{92CBAC5B-364F-48D0-B060-2CC89AA127B0}.Debug_VC14|x64.Build.0 = Debug|x64
		{92CBAC5B-364F-48D0-B060-2CC89AA127B0}.Debug_VC14|x86.ActiveCfg = Debug|x64
		{92CBAC5B-364F-48D0-B060-2CC89AA127B0}.Debug_VC14|x86.Build.0 = Debug|x64
		{92CBAC5B-364F-48D0-B060-2CC89AA127B0}.Debug|x64.ActiveCfg = Debug|x64
		{92CBAC5B-364F-48D0-B060-2CC89AA127B0}.Debug|x64.Build.0 = Debug|x64
		{92CBAC5B-364F-48D0-B060-2CC89AA127B0}.Debug|x86.ActiveCfg = Debug|x64
		{92CBAC5B-364F-48D0-B060-2CC89AA127B0}.Release_VC14|x64.ActiveCfg = Debug|x64
		{92CBAC5B-364F-48D0-B060-2CC89AA127B0}.Release_VC14|x64.Build.0 = Debug|x64
		{92CBAC5B-364F-48D0-B060-2CC89AA127B0}.Release_VC14|x86.ActiveCfg = Debug|x64
		{92CBAC5B-364F-48D0-B060-2CC89AA127B0}.Release_VC14|x86.Build.0 = Debug|x64
		{92CBAC5B-364F-48D0-B060-2CC89AA127B0}.Release|x64.ActiveCfg = Release|x64
		{92CBAC5B-364F-48D0-B060-2CC89AA127B0}.Release|x64.Build.0 = Release|x64
		{92CBAC5B-364F-48D0-B060-2CC89AA127B0}.Release|x86.ActiveCfg = Release|x64
		{49AE3E43-40B9-49A2-B0B7-00E1CB1BA929}.Debug_VC14|x64.ActiveCfg = Debug|x64
		{49AE3E43-40B9-49A2-B0B7-00E1CB1BA929}.Debug_VC14|x64.Build.0 = Debug|x64
		{49AE3E43-40B9-49A2-B0B7-00E1CB1BA929}.Debug_VC14|x86.ActiveCfg = Debug|x64
		{49AE3E43-40B9-49A2-B0B7-00E1CB1BA929}.Debug_VC14|x86.Build.0 = Debug|x64
		{49AE3E43-40B9-49A2-B0B7-00E1CB1BA929}.Debug|x64.ActiveCfg = Debug|x64
		{49AE3E43-40B9-49A2-B0B7-00E1CB1BA929}.Debug|x64.Build.0 = Debug|x64
		{49AE3E43-40B9-49A2-B0B7-00E1CB1BA929}.Debug|x86.ActiveCfg = Debug|x64
		{49AE3E43-40B9-49A2-B0B7-00E1CB1BA929}.Release_VC14|x64.ActiveCfg = Debug|x64
		{49AE3E43-40B9-49A2-B0B7-00E1CB1BA929}.Release_VC14|x64.Build.0 = Debug|x64
		{49AE3E43-40B9-49A2-B0B7-00E1CB1BA929}.Release_VC14|x86.ActiveCfg = Debug|x64
		{49AE3E43-40B9-49A2-B0B7-00E1CB1BA929}.Release_VC14|x86.Build.0 = Debug|x64
		{49AE3E43-40B9-49A2-B0B7-00E1CB1BA929}.Release|x64.ActiveCfg = Release|x64
		{49AE3E43-40B9-49A2-B0B7-00E1CB1BA929}.Release|x64.Build.0 = Release|x64
		{49AE3E43-40B9-49A2-B0B7-00E1CB1BA929}.Release|x86.ActiveCfg = Release|x64
		{C6B959E7-1A18-47B3-BF76-60ADA737491C}.Debug_VC14|x64.ActiveCfg = Debug|x64
		{C6B959E7-1A18-47B3-BF76-60ADA737491C}.Debug_VC14|x64.Build.0 = Debug|x64
		{C6B959E7-1A18-47B3-BF76-60ADA737491C}.Debug_VC14|x86.ActiveCfg = Debug|x64
		{C6B959E7-1A18-47B3-BF76-60ADA737491C}.Debug_VC14|x86.Build.0 = Debug|x64
		{C6B959E7-1A18-47B3-BF76-60ADA737491C}.Debug|x64.ActiveCfg = Debug|x64
		{C6B959E7-1A18-47B3-BF76-60ADA737491C}.Debug|x64.Build.0 = Debug|x64
		{C6B959E7-1A18-47B3-BF76-60ADA737491C}.Debug|x86.ActiveCfg = Debug|x64
		{C6B959E7-1A18-47B3-BF76-60ADA737491C}.Release_VC14|x64.ActiveCfg = Debug|x64
		{C6B959E7-1A18-47B3-BF76-60ADA737491C}.Release_VC14|x64.Build.0 = Debug|x64
		{C6B959E7-1A18-47B3-BF76-60ADA737491C}.Release_VC14|x86.ActiveCfg = Debug|x64
		{C6B959E7-1A18-47B3-BF76-60ADA737491C}.Release_VC14|x86.Build.0 = Debug|x64
		{C6B959E7-1A18-47B3-BF76-60ADA737491C}.Release|x64.ActiveCfg = Release|x64
		{C6B959E7-1A18-47B3-BF76-60ADA737491C}.Release|x64.Build.0 = Release|x64
		{C6B959E7-1A18-47B3-BF76-60ADA737491C}.Release|x86.ActiveCfg = Release|x64
		{C1AB6810-B7C5-499A-85FA-87FF1B0C7FC5}.Debug_VC14|x64.ActiveCfg = Debug|x64
		{C1AB6810-B7C5-499A-85FA-87FF1B0C7FC5}.Debug_VC14|x64.Build.0 = Debug|x64
		{C1AB6810-B7C5-499A-85FA-87FF1B0C7FC5}.Debug_VC14|x86.ActiveCfg = Release|x64
		{C1AB6810-B7C5-499A-85FA-87FF1B0C7FC5}.Debug_VC14|x86.Build.0 = Release|x64
		{C1AB6810-B7C5-499A-85FA-87FF1B0C7FC5}.Debug|x64.ActiveCfg = Debug|x64
		{C1AB6810-B7C5-499A-85FA-87FF1B0C7FC5}.Debug|x64.Build.0 = Debug|x64
		{C1AB6810-B7C5-499A-85FA-87FF1B0C7FC5}.Debug|x86.ActiveCfg = Debug|x64
		{C1AB6810-B7C5-499A-85FA-87FF1B0C7FC5}.Release_VC14|x64.ActiveCfg = Debug|x64
		{C1AB6810-B7C5-499A-85FA-87FF1B0C7FC5}.Release_VC14|x64.Build.0 = Debug|x64
		{C1AB6810-B7C5-499A-85FA-87FF1B0C7FC5}.Release_VC14|x86.ActiveCfg = Release|x64
		{C1AB6810-B7C5-499A-85FA-87FF1B0C7FC5}.Release_VC14|x86.Build.0 = Release|x64
		{C1AB6810-B7C5-499A-85FA-87FF1B0C7FC5}.Release|x64.ActiveCfg = Release|x64
		{C1AB6810-B7C5-499A-85FA-87FF1B0C7FC5}.Release|x64.Build.0 = Release|x64
		{C1AB6810-B7C5-499A-85FA-87FF1B0C7FC5}.Release|x86.ActiveCfg = Release|x64
		{B4F2685D-121E-4692-8B69-CA4E3CDE7173}.Debug_VC14|x64.ActiveCfg = Debug|x64
		{B4F2685D-121E-4692-8B69-CA4E3CDE7173}.Debug_VC14|x64.Build.0 = Debug|x64
		{B4F2685D-121E-4692-8B69-CA4E3CDE7173}.Debug_VC14|x86.ActiveCfg = Release|x64
		{B4F2685D-121E-4692-8B69-CA4E3CDE7173}.Debug_VC14|x86.Build.0 = Release|x64
		{B4F2685D-121E-4692-8B69-CA4E3CDE7173}.Debug|x64.ActiveCfg = Debug|x64
		{B4F2685D-121E-4692-8B69-CA4E3CDE7173}.Debug|x64.Build.0 = Debug|x64
		{B4F2685D-121E-4692-8B69-CA4E3CDE7173}.Debug|x86.ActiveCfg = Debug|x64
		{B4F2685D-121E-4692-8B69-CA4E3CDE7173}.Release_VC14|x64.ActiveCfg = Release|x64
		{B4F2685D-121E-4692-8B69-CA4E3CDE7173}.Release_VC14|x64.Build.0 = Release|x64
		{B4F2685D-121E-4692-8B69-CA4E3CDE7173}.Release_VC14|x86.ActiveCfg = Release|x64
		{B4F2685D-121E-4692-8B69-CA4E3CDE7173}.Release_VC14|x86.Build.0 = Release|x64
		{B4F2685D-121E-4692-8B69-CA4E3CDE7173}.Release|x64.ActiveCfg = Release|x64
		{B4F2685D-121E-4692-8B69-CA4E3CDE7173}.Release|x64.Build.0 = Release|x64
		{B4F2685D-121E-4692-8B69-CA4E3CDE7173}.Release|x86.ActiveCfg = Release|x64
		{B86AE453-7AC5-4ABB-AA9B-37AF3D5DD377}.Debug_VC14|x64.ActiveCfg = Debug|x64
		{B86AE453-7AC5-4ABB-AA9B-37AF3D5DD377}.Debug_VC14|x64.Build.0 = Debug|x64
		{B86AE453-7AC5-4ABB-AA9B-37AF3D5DD377}.Debug_VC14|x86.ActiveCfg = Debug|x64
		{B86AE453-7AC5-4ABB-AA9B-37AF3D5DD377}.Debug_VC14|x86.Build.0 = Debug|x64
		{B86AE453-7AC5-4ABB-AA9B-37AF3D5DD377}.Debug|x64.ActiveCfg = Debug|x64
		{B86AE453-7AC5-4ABB-AA9B-37AF3D5DD377}.Debug|x64.Build.0 = Debug|x64
		{B86AE453-7AC5-4ABB-AA9B-37AF3D5DD377}.Debug|x86.ActiveCfg = Debug|x64
		{B86AE453-7AC5-4ABB-AA9B-37AF3D5DD377}.Release_VC14|x64.ActiveCfg = Release|x64
		{B86AE453-7AC5-4ABB-AA9B-37AF3D5DD377}.Release_VC14|x64.Build.0 = Release|x64
		{B86AE453-7AC5-4ABB-AA9B-37AF3D5DD377}.Release_VC14|x86.ActiveCfg = Debug|x64
		{B86AE453-7AC5-4ABB-AA9B-37AF3D5DD377}.Release_VC14|x86.Build.0 = Debug|x64
		{B86AE453-7AC5-4ABB-AA9B-37AF3D5DD377}.Release|x64.ActiveCfg = Release|x64
		{B86AE453-7AC5-4ABB-AA9B-37AF3D5DD377}.Release|x64.Build.0 = Release|x64
		{B86AE453-7AC5-4ABB-AA9B-37AF3D5DD377}.Release|x86.ActiveCfg = Release|x64
		{73B63E98-D302-4B42-BFF4-D931BCF1C129}.Debug_VC14|x64.ActiveCfg = Debug|x64
		{73B63E98-D302-4B42-BFF4-D931BCF1C129}.Debug_VC14|x64.Build.0 = Debug|x64
		{73B63E98-D302-4B42-BFF4-D931BCF1C129}.Debug_VC14|x86.ActiveCfg = Debug|x64
		{73B63E98-D302-4B42-BFF4-D931BCF1C129}.Debug_VC14|x86.Build.0 = Debug|x64
		{73B63E98-D302-4B42-BFF4-D931BCF1C129}.Debug|x64.ActiveCfg = Debug|x64
		{73B63E98-D302-4B42-BFF4-D931BCF1C129}.Debug|x64.Build.0 = Debug|x64
		{73B63E98-D302-4B42-BFF4-D931BCF1C129}.Debug|x86.ActiveCfg = Debug|x64
		{73B63E98-D302-4B42-BFF4-D931BCF1C129}.Release_VC14|x64.ActiveCfg = Release|x64
		{73B63E98-D302-4B42-BFF4-D931BCF1C129}.Release_VC14|x64.Build.0 = Release|x64
		{73B63E98-D302-4B42-BFF4-D931BCF1C129}.Release_VC14|x86.ActiveCfg = Debug|x64
		{73B63E98-D302-4B42-BFF4-D931BCF1C129}.Release_VC14|x86.Build.0 = Debug|x64
		{73B63E98-D302-4B42-BFF4-D931BCF1C129}.Release|x64.ActiveCfg = Release|x64
		{73B63E98-D302-4B42-BFF4-D931BCF1C129}.Release|x64.Build.0 = Release|x64
		{73B63E98-D302-4B42-BFF4-D931BCF1C129}.Release|x86.ActiveCfg = Release|x64
		{2F24B9EF-CBAD-4C2D-AA48-84B9A6DA9E6F}.Debug_VC14|x64.ActiveCfg = Debug|x64
		{2F24B9EF-CBAD-4C2D-AA48-84B9A6DA9E6F}.Debug_VC14|x64.Build.0 = Debug|x64
		{2F24B9EF-CBAD-4C2D-AA48-84B9A6DA9E6F}.Debug_VC14|x86.ActiveCfg = Debug|x64
		{2F24B9EF-CBAD-4C2D-AA48-84B9A6DA9E6F}.Debug_VC14|x86.Build.0 = Debug|x64
		{2F24B9EF-CBAD-4C2D-AA48-84B9A6DA9E6F}.Debug|x64.ActiveCfg = Debug|x64
		{2F24B9EF-CBAD-4C2D-AA48-84B9A6DA9E6F}.Debug|x64.Build.0 = Debug|x64
		{2F24B9EF-CBAD-4C2D-AA48-84B9A6DA9E6F}.Debug|x86.ActiveCfg = Debug|x64
		{2F24B9EF-CBAD-4C2D-AA48-84B9A6DA9E6F}.Release_VC14|x64.ActiveCfg = Release|x64
		{2F24B9EF-CBAD-4C2D-AA48-84B9A6DA9E6F}.Release_VC14|x64.Build.0 = Release|x64
		{2F24B9EF-CBAD-4C2D-AA48-84B9A6DA9E6F}.Release_VC14|x86.ActiveCfg = Debug|x64
		{2F24B9EF-CBAD-4C2D-AA48-84B9A6DA9E6F}.Release_VC14|x86.Build.0 = Debug|x64
		{2F24B9EF-CBAD-4C2D-AA48-84B9A6DA9E6F}.Release|x64.ActiveCfg = Release|x64
		{2F24B9EF-CBAD-4C2D-AA48-84B9A6DA9E6F}.Release|x64.Build.0 = Release|x64
		{2F24B9EF-CBAD-4C2D-AA48-84B9A6DA9E6F}.Release|x86.ActiveCfg = Release|x64
	EndGlobalSection
	GlobalSection(SolutionProperties) = preSolution
		HideSolutionNode = FALSE
	EndGlobalSection
	GlobalSection(ExtensibilityGlobals) = postSolution
		SolutionGuid = {70B89E7F-273B-4625-A0B7-15DABD6E84CD}
	EndGlobalSection
EndGlobal
